
Microsoft Visual Studio Solution File, Format Version 12.00
# Visual Studio Version 16
VisualStudioVersion = 16.0.30621.155
MinimumVisualStudioVersion = 10.0.40219.1
Project("{FAE04EC0-301F-11D3-BF4B-00C04F79EFBC}") = "lab11_typeCasting", "lab11_typeCasting.csproj", "{6A8ADAC3-CB49-40C8-9403-BC740EC8CEAA}"
EndProject
Global
	GlobalSection(SolutionConfigurationPlatforms) = preSolution
		Debug|Any CPU = Debug|Any CPU
		Release|Any CPU = Release|Any CPU
	EndGlobalSection
	GlobalSection(ProjectConfigurationPlatforms) = postSolution
		{6A8ADAC3-CB49-40C8-9403-BC740EC8CEAA}.Debug|Any CPU.ActiveCfg = Debug|Any CPU
		{6A8ADAC3-CB49-40C8-9403-BC740EC8CEAA}.Debug|Any CPU.Build.0 = Debug|Any CPU
		{6A8ADAC3-CB49-40C8-9403-BC740EC8CEAA}.Release|Any CPU.ActiveCfg = Release|Any CPU
		{6A8ADAC3-CB49-40C8-9403-BC740EC8CEAA}.Release|Any CPU.Build.0 = Release|Any CPU
	EndGlobalSection
	GlobalSection(SolutionProperties) = preSolution
		HideSolutionNode = FALSE
	EndGlobalSection
	GlobalSection(ExtensibilityGlobals) = postSolution
		SolutionGuid = {78775941-011C-4FB0-B516-4547039B2C92}
	EndGlobalSection
EndGlobal
